
Microsoft Visual Studio Solution File, Format Version 12.00
# Visual Studio Version 16
VisualStudioVersion = 16.0.30002.166
MinimumVisualStudioVersion = 10.0.40219.1
Project("{FAE04EC0-301F-11D3-BF4B-00C04F79EFBC}") = "HireManagement", "HireManagement\HireManagement.csproj", "{08063DDA-7730-4BC9-B54D-78B9C30CF755}"
EndProject
Global
	GlobalSection(SolutionConfigurationPlatforms) = preSolution
		Debug|Any CPU = Debug|Any CPU
		Release|Any CPU = Release|Any CPU
	EndGlobalSection
	GlobalSection(ProjectConfigurationPlatforms) = postSolution
		{08063DDA-7730-4BC9-B54D-78B9C30CF755}.Debug|Any CPU.ActiveCfg = Debug|Any CPU
		{08063DDA-7730-4BC9-B54D-78B9C30CF755}.Debug|Any CPU.Build.0 = Debug|Any CPU
		{08063DDA-7730-4BC9-B54D-78B9C30CF755}.Release|Any CPU.ActiveCfg = Release|Any CPU
		{08063DDA-7730-4BC9-B54D-78B9C30CF755}.Release|Any CPU.Build.0 = Release|Any CPU
	EndGlobalSection
	GlobalSection(SolutionProperties) = preSolution
		HideSolutionNode = FALSE
	EndGlobalSection
	GlobalSection(ExtensibilityGlobals) = postSolution
		SolutionGuid = {120E2223-6AD2-4DB9-9E44-C9E42C82F79A}
	EndGlobalSection
EndGlobal
